// !$*UTF8*$!
{
	archiveVersion = 1;
	classes = {
	};
	objectVersion = 46;
	objects = {

/* Begin PBXBuildFile section */
		D16493711AE3D5420052DB33 /* Foundation.framework in Frameworks */ = {isa = PBXBuildFile; fileRef = D16493701AE3D5420052DB33 /* Foundation.framework */; };
		D16493731AE3D5420052DB33 /* CoreGraphics.framework in Frameworks */ = {isa = PBXBuildFile; fileRef = D16493721AE3D5420052DB33 /* CoreGraphics.framework */; };
		D16493751AE3D5420052DB33 /* UIKit.framework in Frameworks */ = {isa = PBXBuildFile; fileRef = D16493741AE3D5420052DB33 /* UIKit.framework */; };
		D164937B1AE3D5420052DB33 /* InfoPlist.strings in Resources */ = {isa = PBXBuildFile; fileRef = D16493791AE3D5420052DB33 /* InfoPlist.strings */; };
		D164937D1AE3D5420052DB33 /* main.m in Sources */ = {isa = PBXBuildFile; fileRef = D164937C1AE3D5420052DB33 /* main.m */; };
		D16493811AE3D5420052DB33 /* LiziAppDelegate.m in Sources */ = {isa = PBXBuildFile; fileRef = D16493801AE3D5420052DB33 /* LiziAppDelegate.m */; };
		D16493831AE3D5420052DB33 /* Images.xcassets in Resources */ = {isa = PBXBuildFile; fileRef = D16493821AE3D5420052DB33 /* Images.xcassets */; };
		D164938A1AE3D5420052DB33 /* XCTest.framework in Frameworks */ = {isa = PBXBuildFile; fileRef = D16493891AE3D5420052DB33 /* XCTest.framework */; };
		D164938B1AE3D5420052DB33 /* Foundation.framework in Frameworks */ = {isa = PBXBuildFile; fileRef = D16493701AE3D5420052DB33 /* Foundation.framework */; };
		D164938C1AE3D5420052DB33 /* UIKit.framework in Frameworks */ = {isa = PBXBuildFile; fileRef = D16493741AE3D5420052DB33 /* UIKit.framework */; };
		D16493941AE3D5420052DB33 /* InfoPlist.strings in Resources */ = {isa = PBXBuildFile; fileRef = D16493921AE3D5420052DB33 /* InfoPlist.strings */; };
		D16493961AE3D5420052DB33 /* LiziForStudentTests.m in Sources */ = {isa = PBXBuildFile; fileRef = D16493951AE3D5420052DB33 /* LiziForStudentTests.m */; };
		D16493D01AE3D6080052DB33 /* alarmViewController.m in Sources */ = {isa = PBXBuildFile; fileRef = D16493A01AE3D6080052DB33 /* alarmViewController.m */; };
		D16493D11AE3D6080052DB33 /* alarmViewController.xib in Resources */ = {isa = PBXBuildFile; fileRef = D16493A11AE3D6080052DB33 /* alarmViewController.xib */; };
		D16493D21AE3D6080052DB33 /* changeInforViews.xib in Resources */ = {isa = PBXBuildFile; fileRef = D16493A21AE3D6080052DB33 /* changeInforViews.xib */; };
		D16493D31AE3D6080052DB33 /* latestCell.m in Sources */ = {isa = PBXBuildFile; fileRef = D16493A41AE3D6080052DB33 /* latestCell.m */; };
		D16493D41AE3D6080052DB33 /* latestCell.xib in Resources */ = {isa = PBXBuildFile; fileRef = D16493A51AE3D6080052DB33 /* latestCell.xib */; };
		D16493D51AE3D6080052DB33 /* latestViewController.m in Sources */ = {isa = PBXBuildFile; fileRef = D16493A71AE3D6080052DB33 /* latestViewController.m */; };
		D16493D61AE3D6080052DB33 /* latestViewController.xib in Resources */ = {isa = PBXBuildFile; fileRef = D16493A81AE3D6080052DB33 /* latestViewController.xib */; };
		D16493D71AE3D6080052DB33 /* LiziCheckStatusCode.m in Sources */ = {isa = PBXBuildFile; fileRef = D16493AA1AE3D6080052DB33 /* LiziCheckStatusCode.m */; };
		D16493D81AE3D6080052DB33 /* LiziColor.m in Sources */ = {isa = PBXBuildFile; fileRef = D16493AC1AE3D6080052DB33 /* LiziColor.m */; };
		D16493D91AE3D6080052DB33 /* LiziHttpRequired.m in Sources */ = {isa = PBXBuildFile; fileRef = D16493AE1AE3D6080052DB33 /* LiziHttpRequired.m */; };
		D16493DA1AE3D6080052DB33 /* mainViewController.m in Sources */ = {isa = PBXBuildFile; fileRef = D16493B01AE3D6080052DB33 /* mainViewController.m */; };
		D16493DB1AE3D6080052DB33 /* mainViewController.xib in Resources */ = {isa = PBXBuildFile; fileRef = D16493B11AE3D6080052DB33 /* mainViewController.xib */; };
		D16493DC1AE3D6080052DB33 /* menuViewController.m in Sources */ = {isa = PBXBuildFile; fileRef = D16493B31AE3D6080052DB33 /* menuViewController.m */; };
		D16493DD1AE3D6080052DB33 /* menuViewController.xib in Resources */ = {isa = PBXBuildFile; fileRef = D16493B41AE3D6080052DB33 /* menuViewController.xib */; };
		D16493DE1AE3D6080052DB33 /* myInfoViewController.m in Sources */ = {isa = PBXBuildFile; fileRef = D16493B61AE3D6080052DB33 /* myInfoViewController.m */; };
		D16493DF1AE3D6080052DB33 /* myInfoViewController.xib in Resources */ = {isa = PBXBuildFile; fileRef = D16493B71AE3D6080052DB33 /* myInfoViewController.xib */; };
		D16493E01AE3D6080052DB33 /* NUPTChangePhoneInformation.m in Sources */ = {isa = PBXBuildFile; fileRef = D16493B91AE3D6080052DB33 /* NUPTChangePhoneInformation.m */; };
		D16493E11AE3D6080052DB33 /* NUPTFirstMainPage.m in Sources */ = {isa = PBXBuildFile; fileRef = D16493BB1AE3D6080052DB33 /* NUPTFirstMainPage.m */; };
		D16493E21AE3D6080052DB33 /* NUPTFirstMainPage.xib in Resources */ = {isa = PBXBuildFile; fileRef = D16493BC1AE3D6080052DB33 /* NUPTFirstMainPage.xib */; };
		D16493E31AE3D6080052DB33 /* NUPTLoginPage.m in Sources */ = {isa = PBXBuildFile; fileRef = D16493BE1AE3D6080052DB33 /* NUPTLoginPage.m */; };
		D16493E41AE3D6080052DB33 /* NUPTLoginPage.xib in Resources */ = {isa = PBXBuildFile; fileRef = D16493BF1AE3D6080052DB33 /* NUPTLoginPage.xib */; };
		D16493E51AE3D6080052DB33 /* NUPTRegisterPage.m in Sources */ = {isa = PBXBuildFile; fileRef = D16493C11AE3D6080052DB33 /* NUPTRegisterPage.m */; };
		D16493E61AE3D6080052DB33 /* NUPTRegisterPage.xib in Resources */ = {isa = PBXBuildFile; fileRef = D16493C21AE3D6080052DB33 /* NUPTRegisterPage.xib */; };
		D16493E71AE3D6080052DB33 /* settingViewController.m in Sources */ = {isa = PBXBuildFile; fileRef = D16493C41AE3D6080052DB33 /* settingViewController.m */; };
		D16493E81AE3D6080052DB33 /* settingViewController.xib in Resources */ = {isa = PBXBuildFile; fileRef = D16493C51AE3D6080052DB33 /* settingViewController.xib */; };
		D16493E91AE3D6080052DB33 /* signUpCell.m in Sources */ = {isa = PBXBuildFile; fileRef = D16493C71AE3D6080052DB33 /* signUpCell.m */; };
		D16493EA1AE3D6080052DB33 /* signUpCell.xib in Resources */ = {isa = PBXBuildFile; fileRef = D16493C81AE3D6080052DB33 /* signUpCell.xib */; };
		D16493EB1AE3D6080052DB33 /* signUpViewController.m in Sources */ = {isa = PBXBuildFile; fileRef = D16493CA1AE3D6080052DB33 /* signUpViewController.m */; };
		D16493EC1AE3D6080052DB33 /* signUpViewController.xib in Resources */ = {isa = PBXBuildFile; fileRef = D16493CB1AE3D6080052DB33 /* signUpViewController.xib */; };
		D16493ED1AE3D6080052DB33 /* Tools.m in Sources */ = {isa = PBXBuildFile; fileRef = D16493CD1AE3D6080052DB33 /* Tools.m */; };
		D16493EE1AE3D6080052DB33 /* UIViewController+mainViewControllerInstance.m in Sources */ = {isa = PBXBuildFile; fileRef = D16493CF1AE3D6080052DB33 /* UIViewController+mainViewControllerInstance.m */; };
		D16493F11AE3D64C0052DB33 /* LiziStudent.m in Sources */ = {isa = PBXBuildFile; fileRef = D16493F01AE3D64C0052DB33 /* LiziStudent.m */; };
/* End PBXBuildFile section */

/* Begin PBXContainerItemProxy section */
		D164938D1AE3D5420052DB33 /* PBXContainerItemProxy */ = {
			isa = PBXContainerItemProxy;
			containerPortal = D16493651AE3D5420052DB33 /* Project object */;
			proxyType = 1;
			remoteGlobalIDString = D164936C1AE3D5420052DB33;
			remoteInfo = LiziForStudent;
		};
/* End PBXContainerItemProxy section */

/* Begin PBXFileReference section */
		D164936D1AE3D5420052DB33 /* LiziForStudent.app */ = {isa = PBXFileReference; explicitFileType = wrapper.application; includeInIndex = 0; path = LiziForStudent.app; sourceTree = BUILT_PRODUCTS_DIR; };
		D16493701AE3D5420052DB33 /* Foundation.framework */ = {isa = PBXFileReference; lastKnownFileType = wrapper.framework; name = Foundation.framework; path = System/Library/Frameworks/Foundation.framework; sourceTree = SDKROOT; };
		D16493721AE3D5420052DB33 /* CoreGraphics.framework */ = {isa = PBXFileReference; lastKnownFileType = wrapper.framework; name = CoreGraphics.framework; path = System/Library/Frameworks/CoreGraphics.framework; sourceTree = SDKROOT; };
		D16493741AE3D5420052DB33 /* UIKit.framework */ = {isa = PBXFileReference; lastKnownFileType = wrapper.framework; name = UIKit.framework; path = System/Library/Frameworks/UIKit.framework; sourceTree = SDKROOT; };
		D16493781AE3D5420052DB33 /* LiziForStudent-Info.plist */ = {isa = PBXFileReference; lastKnownFileType = text.plist.xml; path = "LiziForStudent-Info.plist"; sourceTree = "<group>"; };
		D164937A1AE3D5420052DB33 /* en */ = {isa = PBXFileReference; lastKnownFileType = text.plist.strings; name = en; path = en.lproj/InfoPlist.strings; sourceTree = "<group>"; };
		D164937C1AE3D5420052DB33 /* main.m */ = {isa = PBXFileReference; lastKnownFileType = sourcecode.c.objc; path = main.m; sourceTree = "<group>"; };
		D164937E1AE3D5420052DB33 /* LiziForStudent-Prefix.pch */ = {isa = PBXFileReference; lastKnownFileType = sourcecode.c.h; path = "LiziForStudent-Prefix.pch"; sourceTree = "<group>"; };
		D164937F1AE3D5420052DB33 /* LiziAppDelegate.h */ = {isa = PBXFileReference; lastKnownFileType = sourcecode.c.h; path = LiziAppDelegate.h; sourceTree = "<group>"; };
		D16493801AE3D5420052DB33 /* LiziAppDelegate.m */ = {isa = PBXFileReference; lastKnownFileType = sourcecode.c.objc; path = LiziAppDelegate.m; sourceTree = "<group>"; };
		D16493821AE3D5420052DB33 /* Images.xcassets */ = {isa = PBXFileReference; lastKnownFileType = folder.assetcatalog; path = Images.xcassets; sourceTree = "<group>"; };
		D16493881AE3D5420052DB33 /* LiziForStudentTests.xctest */ = {isa = PBXFileReference; explicitFileType = wrapper.cfbundle; includeInIndex = 0; path = LiziForStudentTests.xctest; sourceTree = BUILT_PRODUCTS_DIR; };
		D16493891AE3D5420052DB33 /* XCTest.framework */ = {isa = PBXFileReference; lastKnownFileType = wrapper.framework; name = XCTest.framework; path = Library/Frameworks/XCTest.framework; sourceTree = DEVELOPER_DIR; };
		D16493911AE3D5420052DB33 /* LiziForStudentTests-Info.plist */ = {isa = PBXFileReference; lastKnownFileType = text.plist.xml; path = "LiziForStudentTests-Info.plist"; sourceTree = "<group>"; };
		D16493931AE3D5420052DB33 /* en */ = {isa = PBXFileReference; lastKnownFileType = text.plist.strings; name = en; path = en.lproj/InfoPlist.strings; sourceTree = "<group>"; };
		D16493951AE3D5420052DB33 /* LiziForStudentTests.m */ = {isa = PBXFileReference; lastKnownFileType = sourcecode.c.objc; path = LiziForStudentTests.m; sourceTree = "<group>"; };
		D164939F1AE3D6080052DB33 /* alarmViewController.h */ = {isa = PBXFileReference; fileEncoding = 4; lastKnownFileType = sourcecode.c.h; path = alarmViewController.h; sourceTree = "<group>"; };
		D16493A01AE3D6080052DB33 /* alarmViewController.m */ = {isa = PBXFileReference; fileEncoding = 4; lastKnownFileType = sourcecode.c.objc; path = alarmViewController.m; sourceTree = "<group>"; };
		D16493A11AE3D6080052DB33 /* alarmViewController.xib */ = {isa = PBXFileReference; fileEncoding = 4; lastKnownFileType = file.xib; path = alarmViewController.xib; sourceTree = "<group>"; };
		D16493A21AE3D6080052DB33 /* changeInforViews.xib */ = {isa = PBXFileReference; fileEncoding = 4; lastKnownFileType = file.xib; path = changeInforViews.xib; sourceTree = "<group>"; };
		D16493A31AE3D6080052DB33 /* latestCell.h */ = {isa = PBXFileReference; fileEncoding = 4; lastKnownFileType = sourcecode.c.h; path = latestCell.h; sourceTree = "<group>"; };
		D16493A41AE3D6080052DB33 /* latestCell.m */ = {isa = PBXFileReference; fileEncoding = 4; lastKnownFileType = sourcecode.c.objc; path = latestCell.m; sourceTree = "<group>"; };
		D16493A51AE3D6080052DB33 /* latestCell.xib */ = {isa = PBXFileReference; fileEncoding = 4; lastKnownFileType = file.xib; path = latestCell.xib; sourceTree = "<group>"; };
		D16493A61AE3D6080052DB33 /* latestViewController.h */ = {isa = PBXFileReference; fileEncoding = 4; lastKnownFileType = sourcecode.c.h; path = latestViewController.h; sourceTree = "<group>"; };
		D16493A71AE3D6080052DB33 /* latestViewController.m */ = {isa = PBXFileReference; fileEncoding = 4; lastKnownFileType = sourcecode.c.objc; path = latestViewController.m; sourceTree = "<group>"; };
		D16493A81AE3D6080052DB33 /* latestViewController.xib */ = {isa = PBXFileReference; fileEncoding = 4; lastKnownFileType = file.xib; path = latestViewController.xib; sourceTree = "<group>"; };
		D16493A91AE3D6080052DB33 /* LiziCheckStatusCode.h */ = {isa = PBXFileReference; fileEncoding = 4; lastKnownFileType = sourcecode.c.h; path = LiziCheckStatusCode.h; sourceTree = "<group>"; };
		D16493AA1AE3D6080052DB33 /* LiziCheckStatusCode.m */ = {isa = PBXFileReference; fileEncoding = 4; lastKnownFileType = sourcecode.c.objc; path = LiziCheckStatusCode.m; sourceTree = "<group>"; };
		D16493AB1AE3D6080052DB33 /* LiziColor.h */ = {isa = PBXFileReference; fileEncoding = 4; lastKnownFileType = sourcecode.c.h; path = LiziColor.h; sourceTree = "<group>"; };
		D16493AC1AE3D6080052DB33 /* LiziColor.m */ = {isa = PBXFileReference; fileEncoding = 4; lastKnownFileType = sourcecode.c.objc; path = LiziColor.m; sourceTree = "<group>"; };
		D16493AD1AE3D6080052DB33 /* LiziHttpRequired.h */ = {isa = PBXFileReference; fileEncoding = 4; lastKnownFileType = sourcecode.c.h; path = LiziHttpRequired.h; sourceTree = "<group>"; };
		D16493AE1AE3D6080052DB33 /* LiziHttpRequired.m */ = {isa = PBXFileReference; fileEncoding = 4; lastKnownFileType = sourcecode.c.objc; path = LiziHttpRequired.m; sourceTree = "<group>"; };
		D16493AF1AE3D6080052DB33 /* mainViewController.h */ = {isa = PBXFileReference; fileEncoding = 4; lastKnownFileType = sourcecode.c.h; path = mainViewController.h; sourceTree = "<group>"; };
		D16493B01AE3D6080052DB33 /* mainViewController.m */ = {isa = PBXFileReference; fileEncoding = 4; lastKnownFileType = sourcecode.c.objc; path = mainViewController.m; sourceTree = "<group>"; };
		D16493B11AE3D6080052DB33 /* mainViewController.xib */ = {isa = PBXFileReference; fileEncoding = 4; lastKnownFileType = file.xib; path = mainViewController.xib; sourceTree = "<group>"; };
		D16493B21AE3D6080052DB33 /* menuViewController.h */ = {isa = PBXFileReference; fileEncoding = 4; lastKnownFileType = sourcecode.c.h; path = menuViewController.h; sourceTree = "<group>"; };
		D16493B31AE3D6080052DB33 /* menuViewController.m */ = {isa = PBXFileReference; fileEncoding = 4; lastKnownFileType = sourcecode.c.objc; path = menuViewController.m; sourceTree = "<group>"; };
		D16493B41AE3D6080052DB33 /* menuViewController.xib */ = {isa = PBXFileReference; fileEncoding = 4; lastKnownFileType = file.xib; path = menuViewController.xib; sourceTree = "<group>"; };
		D16493B51AE3D6080052DB33 /* myInfoViewController.h */ = {isa = PBXFileReference; fileEncoding = 4; lastKnownFileType = sourcecode.c.h; path = myInfoViewController.h; sourceTree = "<group>"; };
		D16493B61AE3D6080052DB33 /* myInfoViewController.m */ = {isa = PBXFileReference; fileEncoding = 4; lastKnownFileType = sourcecode.c.objc; path = myInfoViewController.m; sourceTree = "<group>"; };
		D16493B71AE3D6080052DB33 /* myInfoViewController.xib */ = {isa = PBXFileReference; fileEncoding = 4; lastKnownFileType = file.xib; path = myInfoViewController.xib; sourceTree = "<group>"; };
		D16493B81AE3D6080052DB33 /* NUPTChangePhoneInformation.h */ = {isa = PBXFileReference; fileEncoding = 4; lastKnownFileType = sourcecode.c.h; path = NUPTChangePhoneInformation.h; sourceTree = "<group>"; };
		D16493B91AE3D6080052DB33 /* NUPTChangePhoneInformation.m */ = {isa = PBXFileReference; fileEncoding = 4; lastKnownFileType = sourcecode.c.objc; path = NUPTChangePhoneInformation.m; sourceTree = "<group>"; };
		D16493BA1AE3D6080052DB33 /* NUPTFirstMainPage.h */ = {isa = PBXFileReference; fileEncoding = 4; lastKnownFileType = sourcecode.c.h; path = NUPTFirstMainPage.h; sourceTree = "<group>"; };
		D16493BB1AE3D6080052DB33 /* NUPTFirstMainPage.m */ = {isa = PBXFileReference; fileEncoding = 4; lastKnownFileType = sourcecode.c.objc; path = NUPTFirstMainPage.m; sourceTree = "<group>"; };
		D16493BC1AE3D6080052DB33 /* NUPTFirstMainPage.xib */ = {isa = PBXFileReference; fileEncoding = 4; lastKnownFileType = file.xib; path = NUPTFirstMainPage.xib; sourceTree = "<group>"; };
		D16493BD1AE3D6080052DB33 /* NUPTLoginPage.h */ = {isa = PBXFileReference; fileEncoding = 4; lastKnownFileType = sourcecode.c.h; path = NUPTLoginPage.h; sourceTree = "<group>"; };
		D16493BE1AE3D6080052DB33 /* NUPTLoginPage.m */ = {isa = PBXFileReference; fileEncoding = 4; lastKnownFileType = sourcecode.c.objc; path = NUPTLoginPage.m; sourceTree = "<group>"; };
		D16493BF1AE3D6080052DB33 /* NUPTLoginPage.xib */ = {isa = PBXFileReference; fileEncoding = 4; lastKnownFileType = file.xib; path = NUPTLoginPage.xib; sourceTree = "<group>"; };
		D16493C01AE3D6080052DB33 /* NUPTRegisterPage.h */ = {isa = PBXFileReference; fileEncoding = 4; lastKnownFileType = sourcecode.c.h; path = NUPTRegisterPage.h; sourceTree = "<group>"; };
		D16493C11AE3D6080052DB33 /* NUPTRegisterPage.m */ = {isa = PBXFileReference; fileEncoding = 4; lastKnownFileType = sourcecode.c.objc; path = NUPTRegisterPage.m; sourceTree = "<group>"; };
		D16493C21AE3D6080052DB33 /* NUPTRegisterPage.xib */ = {isa = PBXFileReference; fileEncoding = 4; lastKnownFileType = file.xib; path = NUPTRegisterPage.xib; sourceTree = "<group>"; };
		D16493C31AE3D6080052DB33 /* settingViewController.h */ = {isa = PBXFileReference; fileEncoding = 4; lastKnownFileType = sourcecode.c.h; path = settingViewController.h; sourceTree = "<group>"; };
		D16493C41AE3D6080052DB33 /* settingViewController.m */ = {isa = PBXFileReference; fileEncoding = 4; lastKnownFileType = sourcecode.c.objc; path = settingViewController.m; sourceTree = "<group>"; };
		D16493C51AE3D6080052DB33 /* settingViewController.xib */ = {isa = PBXFileReference; fileEncoding = 4; lastKnownFileType = file.xib; path = settingViewController.xib; sourceTree = "<group>"; };
		D16493C61AE3D6080052DB33 /* signUpCell.h */ = {isa = PBXFileReference; fileEncoding = 4; lastKnownFileType = sourcecode.c.h; path = signUpCell.h; sourceTree = "<group>"; };
		D16493C71AE3D6080052DB33 /* signUpCell.m */ = {isa = PBXFileReference; fileEncoding = 4; lastKnownFileType = sourcecode.c.objc; path = signUpCell.m; sourceTree = "<group>"; };
		D16493C81AE3D6080052DB33 /* signUpCell.xib */ = {isa = PBXFileReference; fileEncoding = 4; lastKnownFileType = file.xib; path = signUpCell.xib; sourceTree = "<group>"; };
		D16493C91AE3D6080052DB33 /* signUpViewController.h */ = {isa = PBXFileReference; fileEncoding = 4; lastKnownFileType = sourcecode.c.h; path = signUpViewController.h; sourceTree = "<group>"; };
		D16493CA1AE3D6080052DB33 /* signUpViewController.m */ = {isa = PBXFileReference; fileEncoding = 4; lastKnownFileType = sourcecode.c.objc; path = signUpViewController.m; sourceTree = "<group>"; };
		D16493CB1AE3D6080052DB33 /* signUpViewController.xib */ = {isa = PBXFileReference; fileEncoding = 4; lastKnownFileType = file.xib; path = signUpViewController.xib; sourceTree = "<group>"; };
		D16493CC1AE3D6080052DB33 /* Tools.h */ = {isa = PBXFileReference; fileEncoding = 4; lastKnownFileType = sourcecode.c.h; path = Tools.h; sourceTree = "<group>"; };
		D16493CD1AE3D6080052DB33 /* Tools.m */ = {isa = PBXFileReference; fileEncoding = 4; lastKnownFileType = sourcecode.c.objc; path = Tools.m; sourceTree = "<group>"; };
		D16493CE1AE3D6080052DB33 /* UIViewController+mainViewControllerInstance.h */ = {isa = PBXFileReference; fileEncoding = 4; lastKnownFileType = sourcecode.c.h; path = "UIViewController+mainViewControllerInstance.h"; sourceTree = "<group>"; };
		D16493CF1AE3D6080052DB33 /* UIViewController+mainViewControllerInstance.m */ = {isa = PBXFileReference; fileEncoding = 4; lastKnownFileType = sourcecode.c.objc; path = "UIViewController+mainViewControllerInstance.m"; sourceTree = "<group>"; };
		D16493EF1AE3D64C0052DB33 /* LiziStudent.h */ = {isa = PBXFileReference; fileEncoding = 4; lastKnownFileType = sourcecode.c.h; path = LiziStudent.h; sourceTree = "<group>"; };
		D16493F01AE3D64C0052DB33 /* LiziStudent.m */ = {isa = PBXFileReference; fileEncoding = 4; lastKnownFileType = sourcecode.c.objc; path = LiziStudent.m; sourceTree = "<group>"; };
/* End PBXFileReference section */

/* Begin PBXFrameworksBuildPhase section */
		D164936A1AE3D5420052DB33 /* Frameworks */ = {
			isa = PBXFrameworksBuildPhase;
			buildActionMask = 2147483647;
			files = (
				D16493731AE3D5420052DB33 /* CoreGraphics.framework in Frameworks */,
				D16493751AE3D5420052DB33 /* UIKit.framework in Frameworks */,
				D16493711AE3D5420052DB33 /* Foundation.framework in Frameworks */,
			);
			runOnlyForDeploymentPostprocessing = 0;
		};
		D16493851AE3D5420052DB33 /* Frameworks */ = {
			isa = PBXFrameworksBuildPhase;
			buildActionMask = 2147483647;
			files = (
				D164938A1AE3D5420052DB33 /* XCTest.framework in Frameworks */,
				D164938C1AE3D5420052DB33 /* UIKit.framework in Frameworks */,
				D164938B1AE3D5420052DB33 /* Foundation.framework in Frameworks */,
			);
			runOnlyForDeploymentPostprocessing = 0;
		};
/* End PBXFrameworksBuildPhase section */

/* Begin PBXGroup section */
		D16493641AE3D5420052DB33 = {
			isa = PBXGroup;
			children = (
				D16493761AE3D5420052DB33 /* LiziForStudent */,
				D164938F1AE3D5420052DB33 /* LiziForStudentTests */,
				D164936F1AE3D5420052DB33 /* Frameworks */,
				D164936E1AE3D5420052DB33 /* Products */,
			);
			sourceTree = "<group>";
		};
		D164936E1AE3D5420052DB33 /* Products */ = {
			isa = PBXGroup;
			children = (
				D164936D1AE3D5420052DB33 /* LiziForStudent.app */,
				D16493881AE3D5420052DB33 /* LiziForStudentTests.xctest */,
			);
			name = Products;
			sourceTree = "<group>";
		};
		D164936F1AE3D5420052DB33 /* Frameworks */ = {
			isa = PBXGroup;
			children = (
				D16493701AE3D5420052DB33 /* Foundation.framework */,
				D16493721AE3D5420052DB33 /* CoreGraphics.framework */,
				D16493741AE3D5420052DB33 /* UIKit.framework */,
				D16493891AE3D5420052DB33 /* XCTest.framework */,
			);
			name = Frameworks;
			sourceTree = "<group>";
		};
		D16493761AE3D5420052DB33 /* LiziForStudent */ = {
			isa = PBXGroup;
			children = (
				D16493FF1AE3DC6A0052DB33 /* modle */,
				D16493FD1AE3DC3F0052DB33 /* register */,
				D16493FC1AE3DC260052DB33 /* login */,
				D16493FB1AE3DC0A0052DB33 /* signIn */,
				D16493FA1AE3DBF90052DB33 /* settings */,
				D16493F91AE3DBE70052DB33 /* firstView */,
				D16493F81AE3DBCC0052DB33 /* mainView */,
				D16493F71AE3DBAF0052DB33 /* cell */,
				D16493F61AE3DB990052DB33 /* myInfor */,
				D16493F51AE3DB860052DB33 /* menu */,
				D16493F41AE3DB6D0052DB33 /* latest */,
				D16493F31AE3DB5B0052DB33 /* alarm */,
				D16493F21AE3DB0F0052DB33 /* Tools */,
				D164937F1AE3D5420052DB33 /* LiziAppDelegate.h */,
				D16493801AE3D5420052DB33 /* LiziAppDelegate.m */,
				D16493821AE3D5420052DB33 /* Images.xcassets */,
				D16493771AE3D5420052DB33 /* Supporting Files */,
			);
			path = LiziForStudent;
			sourceTree = "<group>";
		};
		D16493771AE3D5420052DB33 /* Supporting Files */ = {
			isa = PBXGroup;
			children = (
				D16493781AE3D5420052DB33 /* LiziForStudent-Info.plist */,
				D16493791AE3D5420052DB33 /* InfoPlist.strings */,
				D164937C1AE3D5420052DB33 /* main.m */,
				D164937E1AE3D5420052DB33 /* LiziForStudent-Prefix.pch */,
			);
			name = "Supporting Files";
			sourceTree = "<group>";
		};
		D164938F1AE3D5420052DB33 /* LiziForStudentTests */ = {
			isa = PBXGroup;
			children = (
				D16493951AE3D5420052DB33 /* LiziForStudentTests.m */,
				D16493901AE3D5420052DB33 /* Supporting Files */,
			);
			path = LiziForStudentTests;
			sourceTree = "<group>";
		};
		D16493901AE3D5420052DB33 /* Supporting Files */ = {
			isa = PBXGroup;
			children = (
				D16493911AE3D5420052DB33 /* LiziForStudentTests-Info.plist */,
				D16493921AE3D5420052DB33 /* InfoPlist.strings */,
			);
			name = "Supporting Files";
			sourceTree = "<group>";
		};
		D16493F21AE3DB0F0052DB33 /* Tools */ = {
			isa = PBXGroup;
			children = (
				D16493CE1AE3D6080052DB33 /* UIViewController+mainViewControllerInstance.h */,
				D16493CF1AE3D6080052DB33 /* UIViewController+mainViewControllerInstance.m */,
				D16493A91AE3D6080052DB33 /* LiziCheckStatusCode.h */,
				D16493AA1AE3D6080052DB33 /* LiziCheckStatusCode.m */,
				D16493AD1AE3D6080052DB33 /* LiziHttpRequired.h */,
				D16493AE1AE3D6080052DB33 /* LiziHttpRequired.m */,
				D16493CC1AE3D6080052DB33 /* Tools.h */,
				D16493CD1AE3D6080052DB33 /* Tools.m */,
				D16493AB1AE3D6080052DB33 /* LiziColor.h */,
				D16493AC1AE3D6080052DB33 /* LiziColor.m */,
			);
			name = Tools;
			sourceTree = "<group>";
		};
		D16493F31AE3DB5B0052DB33 /* alarm */ = {
			isa = PBXGroup;
			children = (
				D164939F1AE3D6080052DB33 /* alarmViewController.h */,
				D16493A01AE3D6080052DB33 /* alarmViewController.m */,
				D16493A11AE3D6080052DB33 /* alarmViewController.xib */,
			);
			name = alarm;
			sourceTree = "<group>";
		};
		D16493F41AE3DB6D0052DB33 /* latest */ = {
			isa = PBXGroup;
			children = (
				D16493A61AE3D6080052DB33 /* latestViewController.h */,
				D16493A71AE3D6080052DB33 /* latestViewController.m */,
				D16493A81AE3D6080052DB33 /* latestViewController.xib */,
			);
			name = latest;
			sourceTree = "<group>";
		};
		D16493F51AE3DB860052DB33 /* menu */ = {
			isa = PBXGroup;
			children = (
				D16493B21AE3D6080052DB33 /* menuViewController.h */,
				D16493B31AE3D6080052DB33 /* menuViewController.m */,
				D16493B41AE3D6080052DB33 /* menuViewController.xib */,
			);
			name = menu;
			sourceTree = "<group>";
		};
		D16493F61AE3DB990052DB33 /* myInfor */ = {
			isa = PBXGroup;
			children = (
				D16493B51AE3D6080052DB33 /* myInfoViewController.h */,
				D16493B61AE3D6080052DB33 /* myInfoViewController.m */,
				D16493B71AE3D6080052DB33 /* myInfoViewController.xib */,
			);
			name = myInfor;
			sourceTree = "<group>";
		};
		D16493F71AE3DBAF0052DB33 /* cell */ = {
			isa = PBXGroup;
			children = (
				D16493A31AE3D6080052DB33 /* latestCell.h */,
				D16493A41AE3D6080052DB33 /* latestCell.m */,
				D16493A51AE3D6080052DB33 /* latestCell.xib */,
				D16493C61AE3D6080052DB33 /* signUpCell.h */,
				D16493C71AE3D6080052DB33 /* signUpCell.m */,
				D16493C81AE3D6080052DB33 /* signUpCell.xib */,
			);
			name = cell;
			sourceTree = "<group>";
		};
		D16493F81AE3DBCC0052DB33 /* mainView */ = {
			isa = PBXGroup;
			children = (
				D16493AF1AE3D6080052DB33 /* mainViewController.h */,
				D16493B01AE3D6080052DB33 /* mainViewController.m */,
				D16493B11AE3D6080052DB33 /* mainViewController.xib */,
			);
			name = mainView;
			sourceTree = "<group>";
		};
		D16493F91AE3DBE70052DB33 /* firstView */ = {
			isa = PBXGroup;
			children = (
				D16493BA1AE3D6080052DB33 /* NUPTFirstMainPage.h */,
				D16493BB1AE3D6080052DB33 /* NUPTFirstMainPage.m */,
				D16493BC1AE3D6080052DB33 /* NUPTFirstMainPage.xib */,
			);
			name = firstView;
			sourceTree = "<group>";
		};
		D16493FA1AE3DBF90052DB33 /* settings */ = {
			isa = PBXGroup;
			children = (
				D16493C31AE3D6080052DB33 /* settingViewController.h */,
				D16493C41AE3D6080052DB33 /* settingViewController.m */,
				D16493C51AE3D6080052DB33 /* settingViewController.xib */,
			);
			name = settings;
			sourceTree = "<group>";
		};
		D16493FB1AE3DC0A0052DB33 /* signIn */ = {
			isa = PBXGroup;
			children = (
				D16493C91AE3D6080052DB33 /* signUpViewController.h */,
				D16493CA1AE3D6080052DB33 /* signUpViewController.m */,
				D16493CB1AE3D6080052DB33 /* signUpViewController.xib */,
			);
			name = signIn;
			sourceTree = "<group>";
		};
		D16493FC1AE3DC260052DB33 /* login */ = {
			isa = PBXGroup;
			children = (
				D16493FE1AE3DC540052DB33 /* changeInfor */,
				D16493BD1AE3D6080052DB33 /* NUPTLoginPage.h */,
				D16493BE1AE3D6080052DB33 /* NUPTLoginPage.m */,
				D16493BF1AE3D6080052DB33 /* NUPTLoginPage.xib */,
			);
			name = login;
			sourceTree = "<group>";
		};
		D16493FD1AE3DC3F0052DB33 /* register */ = {
			isa = PBXGroup;
			children = (
				D16493C01AE3D6080052DB33 /* NUPTRegisterPage.h */,
				D16493C11AE3D6080052DB33 /* NUPTRegisterPage.m */,
				D16493C21AE3D6080052DB33 /* NUPTRegisterPage.xib */,
			);
			name = register;
			sourceTree = "<group>";
		};
		D16493FE1AE3DC540052DB33 /* changeInfor */ = {
			isa = PBXGroup;
			children = (
				D16493A21AE3D6080052DB33 /* changeInforViews.xib */,
				D16493B81AE3D6080052DB33 /* NUPTChangePhoneInformation.h */,
				D16493B91AE3D6080052DB33 /* NUPTChangePhoneInformation.m */,
			);
			name = changeInfor;
			sourceTree = "<group>";
		};
		D16493FF1AE3DC6A0052DB33 /* modle */ = {
			isa = PBXGroup;
			children = (
				D16493EF1AE3D64C0052DB33 /* LiziStudent.h */,
				D16493F01AE3D64C0052DB33 /* LiziStudent.m */,
			);
			name = modle;
			sourceTree = "<group>";
		};
/* End PBXGroup section */

/* Begin PBXNativeTarget section */
		D164936C1AE3D5420052DB33 /* LiziForStudent */ = {
			isa = PBXNativeTarget;
			buildConfigurationList = D16493991AE3D5420052DB33 /* Build configuration list for PBXNativeTarget "LiziForStudent" */;
			buildPhases = (
				D16493691AE3D5420052DB33 /* Sources */,
				D164936A1AE3D5420052DB33 /* Frameworks */,
				D164936B1AE3D5420052DB33 /* Resources */,
			);
			buildRules = (
			);
			dependencies = (
			);
			name = LiziForStudent;
			productName = LiziForStudent;
			productReference = D164936D1AE3D5420052DB33 /* LiziForStudent.app */;
			productType = "com.apple.product-type.application";
		};
		D16493871AE3D5420052DB33 /* LiziForStudentTests */ = {
			isa = PBXNativeTarget;
			buildConfigurationList = D164939C1AE3D5420052DB33 /* Build configuration list for PBXNativeTarget "LiziForStudentTests" */;
			buildPhases = (
				D16493841AE3D5420052DB33 /* Sources */,
				D16493851AE3D5420052DB33 /* Frameworks */,
				D16493861AE3D5420052DB33 /* Resources */,
			);
			buildRules = (
			);
			dependencies = (
				D164938E1AE3D5420052DB33 /* PBXTargetDependency */,
			);
			name = LiziForStudentTests;
			productName = LiziForStudentTests;
			productReference = D16493881AE3D5420052DB33 /* LiziForStudentTests.xctest */;
			productType = "com.apple.product-type.bundle.unit-test";
		};
/* End PBXNativeTarget section */

/* Begin PBXProject section */
		D16493651AE3D5420052DB33 /* Project object */ = {
			isa = PBXProject;
			attributes = {
				CLASSPREFIX = Lizi;
				LastUpgradeCheck = 0510;
				ORGANIZATIONNAME = "吴英强";
				TargetAttributes = {
					D16493871AE3D5420052DB33 = {
						TestTargetID = D164936C1AE3D5420052DB33;
					};
				};
			};
			buildConfigurationList = D16493681AE3D5420052DB33 /* Build configuration list for PBXProject "LiziForStudent" */;
			compatibilityVersion = "Xcode 3.2";
			developmentRegion = English;
			hasScannedForEncodings = 0;
			knownRegions = (
				en,
			);
			mainGroup = D16493641AE3D5420052DB33;
			productRefGroup = D164936E1AE3D5420052DB33 /* Products */;
			projectDirPath = "";
			projectRoot = "";
			targets = (
				D164936C1AE3D5420052DB33 /* LiziForStudent */,
				D16493871AE3D5420052DB33 /* LiziForStudentTests */,
			);
		};
/* End PBXProject section */

/* Begin PBXResourcesBuildPhase section */
		D164936B1AE3D5420052DB33 /* Resources */ = {
			isa = PBXResourcesBuildPhase;
			buildActionMask = 2147483647;
			files = (
				D164937B1AE3D5420052DB33 /* InfoPlist.strings in Resources */,
				D16493D41AE3D6080052DB33 /* latestCell.xib in Resources */,
				D16493E41AE3D6080052DB33 /* NUPTLoginPage.xib in Resources */,
				D16493EC1AE3D6080052DB33 /* signUpViewController.xib in Resources */,
				D16493D11AE3D6080052DB33 /* alarmViewController.xib in Resources */,
				D16493DD1AE3D6080052DB33 /* menuViewController.xib in Resources */,
				D16493D61AE3D6080052DB33 /* latestViewController.xib in Resources */,
				D16493E21AE3D6080052DB33 /* NUPTFirstMainPage.xib in Resources */,
				D16493DB1AE3D6080052DB33 /* mainViewController.xib in Resources */,
				D16493831AE3D5420052DB33 /* Images.xcassets in Resources */,
				D16493D21AE3D6080052DB33 /* changeInforViews.xib in Resources */,
				D16493E61AE3D6080052DB33 /* NUPTRegisterPage.xib in Resources */,
				D16493E81AE3D6080052DB33 /* settingViewController.xib in Resources */,
				D16493DF1AE3D6080052DB33 /* myInfoViewController.xib in Resources */,
				D16493EA1AE3D6080052DB33 /* signUpCell.xib in Resources */,
			);
			runOnlyForDeploymentPostprocessing = 0;
		};
		D16493861AE3D5420052DB33 /* Resources */ = {
			isa = PBXResourcesBuildPhase;
			buildActionMask = 2147483647;
			files = (
				D16493941AE3D5420052DB33 /* InfoPlist.strings in Resources */,
			);
			runOnlyForDeploymentPostprocessing = 0;
		};
/* End PBXResourcesBuildPhase section */

/* Begin PBXSourcesBuildPhase section */
		D16493691AE3D5420052DB33 /* Sources */ = {
			isa = PBXSourcesBuildPhase;
			buildActionMask = 2147483647;
			files = (
				D16493D31AE3D6080052DB33 /* latestCell.m in Sources */,
				D16493D01AE3D6080052DB33 /* alarmViewController.m in Sources */,
				D16493811AE3D5420052DB33 /* LiziAppDelegate.m in Sources */,
				D16493D81AE3D6080052DB33 /* LiziColor.m in Sources */,
				D164937D1AE3D5420052DB33 /* main.m in Sources */,
				D16493E31AE3D6080052DB33 /* NUPTLoginPage.m in Sources */,
				D16493D51AE3D6080052DB33 /* latestViewController.m in Sources */,
				D16493DA1AE3D6080052DB33 /* mainViewController.m in Sources */,
				D16493D91AE3D6080052DB33 /* LiziHttpRequired.m in Sources */,
				D16493EE1AE3D6080052DB33 /* UIViewController+mainViewControllerInstance.m in Sources */,
				D16493ED1AE3D6080052DB33 /* Tools.m in Sources */,
				D16493E01AE3D6080052DB33 /* NUPTChangePhoneInformation.m in Sources */,
				D16493E11AE3D6080052DB33 /* NUPTFirstMainPage.m in Sources */,
				D16493DE1AE3D6080052DB33 /* myInfoViewController.m in Sources */,
				D16493F11AE3D64C0052DB33 /* LiziStudent.m in Sources */,
				D16493EB1AE3D6080052DB33 /* signUpViewController.m in Sources */,
				D16493E51AE3D6080052DB33 /* NUPTRegisterPage.m in Sources */,
				D16493D71AE3D6080052DB33 /* LiziCheckStatusCode.m in Sources */,
				D16493E91AE3D6080052DB33 /* signUpCell.m in Sources */,
				D16493DC1AE3D6080052DB33 /* menuViewController.m in Sources */,
				D16493E71AE3D6080052DB33 /* settingViewController.m in Sources */,
			);
			runOnlyForDeploymentPostprocessing = 0;
		};
		D16493841AE3D5420052DB33 /* Sources */ = {
			isa = PBXSourcesBuildPhase;
			buildActionMask = 2147483647;
			files = (
				D16493961AE3D5420052DB33 /* LiziForStudentTests.m in Sources */,
			);
			runOnlyForDeploymentPostprocessing = 0;
		};
/* End PBXSourcesBuildPhase section */

/* Begin PBXTargetDependency section */
		D164938E1AE3D5420052DB33 /* PBXTargetDependency */ = {
			isa = PBXTargetDependency;
			target = D164936C1AE3D5420052DB33 /* LiziForStudent */;
			targetProxy = D164938D1AE3D5420052DB33 /* PBXContainerItemProxy */;
		};
/* End PBXTargetDependency section */

/* Begin PBXVariantGroup section */
		D16493791AE3D5420052DB33 /* InfoPlist.strings */ = {
			isa = PBXVariantGroup;
			children = (
				D164937A1AE3D5420052DB33 /* en */,
			);
			name = InfoPlist.strings;
			sourceTree = "<group>";
		};
		D16493921AE3D5420052DB33 /* InfoPlist.strings */ = {
			isa = PBXVariantGroup;
			children = (
				D16493931AE3D5420052DB33 /* en */,
			);
			name = InfoPlist.strings;
			sourceTree = "<group>";
		};
/* End PBXVariantGroup section */

/* Begin XCBuildConfiguration section */
		D16493971AE3D5420052DB33 /* Debug */ = {
			isa = XCBuildConfiguration;
			buildSettings = {
				ALWAYS_SEARCH_USER_PATHS = NO;
				CLANG_CXX_LANGUAGE_STANDARD = "gnu++0x";
				CLANG_CXX_LIBRARY = "libc++";
				CLANG_ENABLE_MODULES = YES;
				CLANG_ENABLE_OBJC_ARC = YES;
				CLANG_WARN_BOOL_CONVERSION = YES;
				CLANG_WARN_CONSTANT_CONVERSION = YES;
				CLANG_WARN_DIRECT_OBJC_ISA_USAGE = YES_ERROR;
				CLANG_WARN_EMPTY_BODY = YES;
				CLANG_WARN_ENUM_CONVERSION = YES;
				CLANG_WARN_INT_CONVERSION = YES;
				CLANG_WARN_OBJC_ROOT_CLASS = YES_ERROR;
				CLANG_WARN__DUPLICATE_METHOD_MATCH = YES;
				"CODE_SIGN_IDENTITY[sdk=iphoneos*]" = "iPhone Developer";
				COPY_PHASE_STRIP = NO;
				GCC_C_LANGUAGE_STANDARD = gnu99;
				GCC_DYNAMIC_NO_PIC = NO;
				GCC_OPTIMIZATION_LEVEL = 0;
				GCC_PREPROCESSOR_DEFINITIONS = (
					"DEBUG=1",
					"$(inherited)",
				);
				GCC_SYMBOLS_PRIVATE_EXTERN = NO;
				GCC_WARN_64_TO_32_BIT_CONVERSION = YES;
				GCC_WARN_ABOUT_RETURN_TYPE = YES_ERROR;
				GCC_WARN_UNDECLARED_SELECTOR = YES;
				GCC_WARN_UNINITIALIZED_AUTOS = YES_AGGRESSIVE;
				GCC_WARN_UNUSED_FUNCTION = YES;
				GCC_WARN_UNUSED_VARIABLE = YES;
				IPHONEOS_DEPLOYMENT_TARGET = 7.1;
				ONLY_ACTIVE_ARCH = YES;
				SDKROOT = iphoneos;
			};
			name = Debug;
		};
		D16493981AE3D5420052DB33 /* Release */ = {
			isa = XCBuildConfiguration;
			buildSettings = {
				ALWAYS_SEARCH_USER_PATHS = NO;
				CLANG_CXX_LANGUAGE_STANDARD = "gnu++0x";
				CLANG_CXX_LIBRARY = "libc++";
				CLANG_ENABLE_MODULES = YES;
				CLANG_ENABLE_OBJC_ARC = YES;
				CLANG_WARN_BOOL_CONVERSION = YES;
				CLANG_WARN_CONSTANT_CONVERSION = YES;
				CLANG_WARN_DIRECT_OBJC_ISA_USAGE = YES_ERROR;
				CLANG_WARN_EMPTY_BODY = YES;
				CLANG_WARN_ENUM_CONVERSION = YES;
				CLANG_WARN_INT_CONVERSION = YES;
				CLANG_WARN_OBJC_ROOT_CLASS = YES_ERROR;
				CLANG_WARN__DUPLICATE_METHOD_MATCH = YES;
				"CODE_SIGN_IDENTITY[sdk=iphoneos*]" = "iPhone Developer";
				COPY_PHASE_STRIP = YES;
				ENABLE_NS_ASSERTIONS = NO;
				GCC_C_LANGUAGE_STANDARD = gnu99;
				GCC_WARN_64_TO_32_BIT_CONVERSION = YES;
				GCC_WARN_ABOUT_RETURN_TYPE = YES_ERROR;
				GCC_WARN_UNDECLARED_SELECTOR = YES;
				GCC_WARN_UNINITIALIZED_AUTOS = YES_AGGRESSIVE;
				GCC_WARN_UNUSED_FUNCTION = YES;
				GCC_WARN_UNUSED_VARIABLE = YES;
				IPHONEOS_DEPLOYMENT_TARGET = 7.1;
				SDKROOT = iphoneos;
				VALIDATE_PRODUCT = YES;
			};
			name = Release;
		};
		D164939A1AE3D5420052DB33 /* Debug */ = {
			isa = XCBuildConfiguration;
			buildSettings = {
				ASSETCATALOG_COMPILER_APPICON_NAME = AppIcon;
				ASSETCATALOG_COMPILER_LAUNCHIMAGE_NAME = LaunchImage;
				GCC_PRECOMPILE_PREFIX_HEADER = YES;
				GCC_PREFIX_HEADER = "LiziForStudent/LiziForStudent-Prefix.pch";
				INFOPLIST_FILE = "LiziForStudent/LiziForStudent-Info.plist";
				PRODUCT_NAME = "$(TARGET_NAME)";
				WRAPPER_EXTENSION = app;
			};
			name = Debug;
		};
		D164939B1AE3D5420052DB33 /* Release */ = {
			isa = XCBuildConfiguration;
			buildSettings = {
				ASSETCATALOG_COMPILER_APPICON_NAME = AppIcon;
				ASSETCATALOG_COMPILER_LAUNCHIMAGE_NAME = LaunchImage;
				GCC_PRECOMPILE_PREFIX_HEADER = YES;
				GCC_PREFIX_HEADER = "LiziForStudent/LiziForStudent-Prefix.pch";
				INFOPLIST_FILE = "LiziForStudent/LiziForStudent-Info.plist";
				PRODUCT_NAME = "$(TARGET_NAME)";
				WRAPPER_EXTENSION = app;
			};
			name = Release;
		};
		D164939D1AE3D5420052DB33 /* Debug */ = {
			isa = XCBuildConfiguration;
			buildSettings = {
				BUNDLE_LOADER = "$(BUILT_PRODUCTS_DIR)/LiziForStudent.app/LiziForStudent";
				FRAMEWORK_SEARCH_PATHS = (
					"$(SDKROOT)/Developer/Library/Frameworks",
					"$(inherited)",
					"$(DEVELOPER_FRAMEWORKS_DIR)",
				);
				GCC_PRECOMPILE_PREFIX_HEADER = YES;
				GCC_PREFIX_HEADER = "LiziForStudent/LiziForStudent-Prefix.pch";
				GCC_PREPROCESSOR_DEFINITIONS = (
					"DEBUG=1",
					"$(inherited)",
				);
				INFOPLIST_FILE = "LiziForStudentTests/LiziForStudentTests-Info.plist";
				PRODUCT_NAME = "$(TARGET_NAME)";
				TEST_HOST = "$(BUNDLE_LOADER)";
				WRAPPER_EXTENSION = xctest;
			};
			name = Debug;
		};
		D164939E1AE3D5420052DB33 /* Release */ = {
			isa = XCBuildConfiguration;
			buildSettings = {
				BUNDLE_LOADER = "$(BUILT_PRODUCTS_DIR)/LiziForStudent.app/LiziForStudent";
				FRAMEWORK_SEARCH_PATHS = (
					"$(SDKROOT)/Developer/Library/Frameworks",
					"$(inherited)",
					"$(DEVELOPER_FRAMEWORKS_DIR)",
				);
				GCC_PRECOMPILE_PREFIX_HEADER = YES;
				GCC_PREFIX_HEADER = "LiziForStudent/LiziForStudent-Prefix.pch";
				INFOPLIST_FILE = "LiziForStudentTests/LiziForStudentTests-Info.plist";
				PRODUCT_NAME = "$(TARGET_NAME)";
				TEST_HOST = "$(BUNDLE_LOADER)";
				WRAPPER_EXTENSION = xctest;
			};
			name = Release;
		};
/* End XCBuildConfiguration section */

/* Begin XCConfigurationList section */
		D16493681AE3D5420052DB33 /* Build configuration list for PBXProject "LiziForStudent" */ = {
			isa = XCConfigurationList;
			buildConfigurations = (
				D16493971AE3D5420052DB33 /* Debug */,
				D16493981AE3D5420052DB33 /* Release */,
			);
			defaultConfigurationIsVisible = 0;
			defaultConfigurationName = Release;
		};
		D16493991AE3D5420052DB33 /* Build configuration list for PBXNativeTarget "LiziForStudent" */ = {
			isa = XCConfigurationList;
			buildConfigurations = (
				D164939A1AE3D5420052DB33 /* Debug */,
				D164939B1AE3D5420052DB33 /* Release */,
			);
			defaultConfigurationIsVisible = 0;
		};
		D164939C1AE3D5420052DB33 /* Build configuration list for PBXNativeTarget "LiziForStudentTests" */ = {
			isa = XCConfigurationList;
			buildConfigurations = (
				D164939D1AE3D5420052DB33 /* Debug */,
				D164939E1AE3D5420052DB33 /* Release */,
			);
			defaultConfigurationIsVisible = 0;
		};
/* End XCConfigurationList section */
	};
	rootObject = D16493651AE3D5420052DB33 /* Project object */;
}
